
Microsoft Visual Studio Solution File, Format Version 12.00
# Visual Studio Version 17
VisualStudioVersion = 17.0.31903.59
MinimumVisualStudioVersion = 10.0.40219.1
Project("{FAE04EC0-301F-11D3-BF4B-00C04F79EFBC}") = "Bacen.Api", "Bacen.Api\Bacen.Api.csproj", "{EF10B7FD-C020-43B7-99B7-722B9C114A20}"
EndProject
Project("{FAE04EC0-301F-11D3-BF4B-00C04F79EFBC}") = "Bacen.Tests", "Bacen.Tests\Bacen.Tests.csproj", "{35424DC2-C856-483C-B1E9-ED0A56253B47}"
EndProject
Project("{FAE04EC0-301F-11D3-BF4B-00C04F79EFBC}") = "Bacen.Domain", "Bacen.Domain\Bacen.Domain.csproj", "{C5A4E1D9-7287-446A-865F-DE0C731B1816}"
EndProject
Global
	GlobalSection(SolutionConfigurationPlatforms) = preSolution
		Debug|Any CPU = Debug|Any CPU
		Release|Any CPU = Release|Any CPU
	EndGlobalSection
	GlobalSection(SolutionProperties) = preSolution
		HideSolutionNode = FALSE
	EndGlobalSection
	GlobalSection(ProjectConfigurationPlatforms) = postSolution
		{EF10B7FD-C020-43B7-99B7-722B9C114A20}.Debug|Any CPU.ActiveCfg = Debug|Any CPU
		{EF10B7FD-C020-43B7-99B7-722B9C114A20}.Debug|Any CPU.Build.0 = Debug|Any CPU
		{EF10B7FD-C020-43B7-99B7-722B9C114A20}.Release|Any CPU.ActiveCfg = Release|Any CPU
		{EF10B7FD-C020-43B7-99B7-722B9C114A20}.Release|Any CPU.Build.0 = Release|Any CPU
		{35424DC2-C856-483C-B1E9-ED0A56253B47}.Debug|Any CPU.ActiveCfg = Debug|Any CPU
		{35424DC2-C856-483C-B1E9-ED0A56253B47}.Debug|Any CPU.Build.0 = Debug|Any CPU
		{35424DC2-C856-483C-B1E9-ED0A56253B47}.Release|Any CPU.ActiveCfg = Release|Any CPU
		{35424DC2-C856-483C-B1E9-ED0A56253B47}.Release|Any CPU.Build.0 = Release|Any CPU
		{C5A4E1D9-7287-446A-865F-DE0C731B1816}.Debug|Any CPU.ActiveCfg = Debug|Any CPU
		{C5A4E1D9-7287-446A-865F-DE0C731B1816}.Debug|Any CPU.Build.0 = Debug|Any CPU
		{C5A4E1D9-7287-446A-865F-DE0C731B1816}.Release|Any CPU.ActiveCfg = Release|Any CPU
		{C5A4E1D9-7287-446A-865F-DE0C731B1816}.Release|Any CPU.Build.0 = Release|Any CPU
	EndGlobalSection
EndGlobal
